
Microsoft Visual Studio Solution File, Format Version 12.00
# Visual Studio Version 17
VisualStudioVersion = 17.5.33414.496
MinimumVisualStudioVersion = 10.0.40219.1
Project("{FAE04EC0-301F-11D3-BF4B-00C04F79EFBC}") = "ToursApp", "ToursApp\ToursApp.csproj", "{4FF79439-6454-4F75-9510-64F59077252E}"
EndProject
Global
	GlobalSection(SolutionConfigurationPlatforms) = preSolution
		Debug|Any CPU = Debug|Any CPU
		Release|Any CPU = Release|Any CPU
	EndGlobalSection
	GlobalSection(ProjectConfigurationPlatforms) = postSolution
		{4FF79439-6454-4F75-9510-64F59077252E}.Debug|Any CPU.ActiveCfg = Debug|Any CPU
		{4FF79439-6454-4F75-9510-64F59077252E}.Debug|Any CPU.Build.0 = Debug|Any CPU
		{4FF79439-6454-4F75-9510-64F59077252E}.Release|Any CPU.ActiveCfg = Release|Any CPU
		{4FF79439-6454-4F75-9510-64F59077252E}.Release|Any CPU.Build.0 = Release|Any CPU
	EndGlobalSection
	GlobalSection(SolutionProperties) = preSolution
		HideSolutionNode = FALSE
	EndGlobalSection
	GlobalSection(ExtensibilityGlobals) = postSolution
		SolutionGuid = {453ABD1C-8181-4780-887F-5B8C902491D5}
	EndGlobalSection
EndGlobal
